{
  "nodes": {
    "grimmory-src": {
      "flake": false,
      "locked": {
        "lastModified": 1774220182,
        "narHash": "sha256-Hh1ScfymBRw0Wzhww65N0Yno2dqAHqE5gcxzRztDJiw=",
        "owner": "grimmory-tools",
        "repo": "grimmory",
        "rev": "c3c3e20b4ddbef70341f1075c30e4e240efe2647",
        "type": "github"
      },
      "original": {
        "owner": "grimmory-tools",
        "ref": "develop",
        "repo": "grimmory",
        "type": "github"
      }
    },
    "nixpkgs": {
      "locked": {
        "lastModified": 1773821835,
        "narHash": "sha256-TJ3lSQtW0E2JrznGVm8hOQGVpXjJyXY2guAxku2O9A4=",
        "owner": "nixos",
        "repo": "nixpkgs",
        "rev": "b40629efe5d6ec48dd1efba650c797ddbd39ace0",
        "type": "github"
      },
      "original": {
        "owner": "nixos",
        "ref": "nixos-unstable",
        "repo": "nixpkgs",
        "type": "github"
      }
    },
    "root": {
      "inputs": {
        "grimmory-src": "grimmory-src",
        "nixpkgs": "nixpkgs"
      }
    }
  },
  "root": "root",
  "version": 7
}
