{
  "nodes": {
    "grimmory-src": {
      "flake": false,
      "locked": {
        "lastModified": 1774203904,
        "narHash": "sha256-k4iMBLvkkxWjAIa0cKULk1Fo9w4hFTJThbzM03bnC3s=",
        "owner": "grimmory-tools",
        "repo": "grimmory",
        "rev": "99344a3cc3c38aa9295edc94b1b566966ea1de26",
        "type": "github"
      },
      "original": {
        "owner": "grimmory-tools",
        "ref": "develop",
        "repo": "grimmory",
        "type": "github"
      }
    },
    "nixpkgs": {
      "locked": {
        "lastModified": 1773821835,
        "narHash": "sha256-TJ3lSQtW0E2JrznGVm8hOQGVpXjJyXY2guAxku2O9A4=",
        "owner": "nixos",
        "repo": "nixpkgs",
        "rev": "b40629efe5d6ec48dd1efba650c797ddbd39ace0",
        "type": "github"
      },
      "original": {
        "owner": "nixos",
        "ref": "nixos-unstable",
        "repo": "nixpkgs",
        "type": "github"
      }
    },
    "root": {
      "inputs": {
        "grimmory-src": "grimmory-src",
        "nixpkgs": "nixpkgs"
      }
    }
  },
  "root": "root",
  "version": 7
}
